
Microsoft Visual Studio Solution File, Format Version 12.00
# Visual Studio Version 17
VisualStudioVersion = 17.10.35013.160
MinimumVisualStudioVersion = 10.0.40219.1
Project("{9A19103F-16F7-4668-BE54-9A1E7A4F7556}") = "OddEvenNumber", "OddEvenNumber.csproj", "{8E865E1D-50CA-4831-B0A2-539CF5EB0486}"
EndProject
Global
	GlobalSection(SolutionConfigurationPlatforms) = preSolution
		Debug|Any CPU = Debug|Any CPU
		Release|Any CPU = Release|Any CPU
	EndGlobalSection
	GlobalSection(ProjectConfigurationPlatforms) = postSolution
		{8E865E1D-50CA-4831-B0A2-539CF5EB0486}.Debug|Any CPU.ActiveCfg = Debug|Any CPU
		{8E865E1D-50CA-4831-B0A2-539CF5EB0486}.Debug|Any CPU.Build.0 = Debug|Any CPU
		{8E865E1D-50CA-4831-B0A2-539CF5EB0486}.Release|Any CPU.ActiveCfg = Release|Any CPU
		{8E865E1D-50CA-4831-B0A2-539CF5EB0486}.Release|Any CPU.Build.0 = Release|Any CPU
	EndGlobalSection
	GlobalSection(SolutionProperties) = preSolution
		HideSolutionNode = FALSE
	EndGlobalSection
	GlobalSection(ExtensibilityGlobals) = postSolution
		SolutionGuid = {3004C183-6B59-4ADF-97C3-1AAEDCBD1D06}
	EndGlobalSection
EndGlobal
